// !$*UTF8*$!
{
	archiveVersion = 1;
	classes = {
	};
	objectVersion = 56;
	objects = {

/* Begin PBXBuildFile section */
		DB1ECD7A29FB1362007E470B /* OperationMeteorApp.swift in Sources */ = {isa = PBXBuildFile; fileRef = DB1ECD7929FB1362007E470B /* OperationMeteorApp.swift */; };
		DB1ECD7C29FB1362007E470B /* ContentView.swift in Sources */ = {isa = PBXBuildFile; fileRef = DB1ECD7B29FB1362007E470B /* ContentView.swift */; };
		DB1ECD7E29FB1364007E470B /* Assets.xcassets in Resources */ = {isa = PBXBuildFile; fileRef = DB1ECD7D29FB1364007E470B /* Assets.xcassets */; };
		DB1ECD8129FB1364007E470B /* Preview Assets.xcassets in Resources */ = {isa = PBXBuildFile; fileRef = DB1ECD8029FB1364007E470B /* Preview Assets.xcassets */; };
		DB1ECD8B29FB13DC007E470B /* MainTabView.swift in Sources */ = {isa = PBXBuildFile; fileRef = DB1ECD8A29FB13DC007E470B /* MainTabView.swift */; };
		DB1ECD8D29FB140E007E470B /* HomeView.swift in Sources */ = {isa = PBXBuildFile; fileRef = DB1ECD8C29FB140E007E470B /* HomeView.swift */; };
		DB1ECD8F29FB141C007E470B /* ResourcesView.swift in Sources */ = {isa = PBXBuildFile; fileRef = DB1ECD8E29FB141C007E470B /* ResourcesView.swift */; };
		DB1ECD9129FB142A007E470B /* ProfileView.swift in Sources */ = {isa = PBXBuildFile; fileRef = DB1ECD9029FB142A007E470B /* ProfileView.swift */; };
		DB1ECD9329FB1463007E470B /* Resource.swift in Sources */ = {isa = PBXBuildFile; fileRef = DB1ECD9229FB1463007E470B /* Resource.swift */; };
		DB1ECD9529FB147D007E470B /* ResourceViewModel.swift in Sources */ = {isa = PBXBuildFile; fileRef = DB1ECD9429FB147D007E470B /* ResourceViewModel.swift */; };
		DB1ECD9729FB15A8007E470B /* VolunteerSignUpView.swift in Sources */ = {isa = PBXBuildFile; fileRef = DB1ECD9629FB15A8007E470B /* VolunteerSignUpView.swift */; };
		DB1ECD9929FB1633007E470B /* Volunteer.swift in Sources */ = {isa = PBXBuildFile; fileRef = DB1ECD9829FB1633007E470B /* Volunteer.swift */; };
		DB1ECD9B29FB164F007E470B /* VolunteerViewModel.swift in Sources */ = {isa = PBXBuildFile; fileRef = DB1ECD9A29FB164F007E470B /* VolunteerViewModel.swift */; };
		DB1ECD9D29FB17A5007E470B /* CommunityBoardsView.swift in Sources */ = {isa = PBXBuildFile; fileRef = DB1ECD9C29FB17A5007E470B /* CommunityBoardsView.swift */; };
		DB1ECD9F29FB17DB007E470B /* Board.swift in Sources */ = {isa = PBXBuildFile; fileRef = DB1ECD9E29FB17DB007E470B /* Board.swift */; };
		DB1ECDA129FB17FC007E470B /* BoardViewModel.swift in Sources */ = {isa = PBXBuildFile; fileRef = DB1ECDA029FB17FC007E470B /* BoardViewModel.swift */; };
		DB1ECDA329FB183B007E470B /* TaskMarketView.swift in Sources */ = {isa = PBXBuildFile; fileRef = DB1ECDA229FB183B007E470B /* TaskMarketView.swift */; };
		DB1ECDA529FB1869007E470B /* Task.swift in Sources */ = {isa = PBXBuildFile; fileRef = DB1ECDA429FB1869007E470B /* Task.swift */; };
		DB1ECDA729FB187B007E470B /* TaskViewModel.swift in Sources */ = {isa = PBXBuildFile; fileRef = DB1ECDA629FB187B007E470B /* TaskViewModel.swift */; };
		DB1ECDA929FB18BE007E470B /* FlyerView.swift in Sources */ = {isa = PBXBuildFile; fileRef = DB1ECDA829FB18BE007E470B /* FlyerView.swift */; };
		DB1ECDAB29FB18E4007E470B /* Flyer.swift in Sources */ = {isa = PBXBuildFile; fileRef = DB1ECDAA29FB18E4007E470B /* Flyer.swift */; };
		DB1ECDAD29FB1900007E470B /* Comic.swift in Sources */ = {isa = PBXBuildFile; fileRef = DB1ECDAC29FB1900007E470B /* Comic.swift */; };
		DB1ECDAF29FB192B007E470B /* FlyerViewModel.swift in Sources */ = {isa = PBXBuildFile; fileRef = DB1ECDAE29FB192B007E470B /* FlyerViewModel.swift */; };
		DB1ECDB129FB1999007E470B /* Practitioner.swift in Sources */ = {isa = PBXBuildFile; fileRef = DB1ECDB029FB1999007E470B /* Practitioner.swift */; };
		DB1ECDB329FB19D7007E470B /* JobsView.swift in Sources */ = {isa = PBXBuildFile; fileRef = DB1ECDB229FB19D7007E470B /* JobsView.swift */; };
		DB1ECDB529FB1A14007E470B /* Job.swift in Sources */ = {isa = PBXBuildFile; fileRef = DB1ECDB429FB1A14007E470B /* Job.swift */; };
		DB1ECDB729FB1A41007E470B /* UpskillingOpportunity.swift in Sources */ = {isa = PBXBuildFile; fileRef = DB1ECDB629FB1A41007E470B /* UpskillingOpportunity.swift */; };
		DB1ECDB929FB1A66007E470B /* JobViewModel.swift in Sources */ = {isa = PBXBuildFile; fileRef = DB1ECDB829FB1A66007E470B /* JobViewModel.swift */; };
		DB1ECDBB29FB1AC6007E470B /* LeaderboardView.swift in Sources */ = {isa = PBXBuildFile; fileRef = DB1ECDBA29FB1AC6007E470B /* LeaderboardView.swift */; };
		DB1ECDBD29FB1ADB007E470B /* User.swift in Sources */ = {isa = PBXBuildFile; fileRef = DB1ECDBC29FB1ADB007E470B /* User.swift */; };
		DB1ECDBF29FB1AED007E470B /* UserViewModel.swift in Sources */ = {isa = PBXBuildFile; fileRef = DB1ECDBE29FB1AED007E470B /* UserViewModel.swift */; };
		DB1ECDC129FB1B9A007E470B /* LocalMapView.swift in Sources */ = {isa = PBXBuildFile; fileRef = DB1ECDC029FB1B9A007E470B /* LocalMapView.swift */; };
		DB1ECDC329FB1BB0007E470B /* Event.swift in Sources */ = {isa = PBXBuildFile; fileRef = DB1ECDC229FB1BB0007E470B /* Event.swift */; };
		DB1ECDC529FB1BC5007E470B /* Business.swift in Sources */ = {isa = PBXBuildFile; fileRef = DB1ECDC429FB1BC5007E470B /* Business.swift */; };
		DB1ECDC729FB1BD6007E470B /* Restaurant.swift in Sources */ = {isa = PBXBuildFile; fileRef = DB1ECDC629FB1BD6007E470B /* Restaurant.swift */; };
		DB1ECDC929FB1C10007E470B /* LocalMapViewModel.swift in Sources */ = {isa = PBXBuildFile; fileRef = DB1ECDC829FB1C10007E470B /* LocalMapViewModel.swift */; };
		DB1ECDCB29FB1D33007E470B /* CustomAnnotation.swift in Sources */ = {isa = PBXBuildFile; fileRef = DB1ECDCA29FB1D33007E470B /* CustomAnnotation.swift */; };
/* End PBXBuildFile section */

/* Begin PBXFileReference section */
		DB1ECD7629FB1362007E470B /* OperationMeteor.app */ = {isa = PBXFileReference; explicitFileType = wrapper.application; includeInIndex = 0; path = OperationMeteor.app; sourceTree = BUILT_PRODUCTS_DIR; };
		DB1ECD7929FB1362007E470B /* OperationMeteorApp.swift */ = {isa = PBXFileReference; lastKnownFileType = sourcecode.swift; path = OperationMeteorApp.swift; sourceTree = "<group>"; };
		DB1ECD7B29FB1362007E470B /* ContentView.swift */ = {isa = PBXFileReference; lastKnownFileType = sourcecode.swift; path = ContentView.swift; sourceTree = "<group>"; };
		DB1ECD7D29FB1364007E470B /* Assets.xcassets */ = {isa = PBXFileReference; lastKnownFileType = folder.assetcatalog; path = Assets.xcassets; sourceTree = "<group>"; };
		DB1ECD8029FB1364007E470B /* Preview Assets.xcassets */ = {isa = PBXFileReference; lastKnownFileType = folder.assetcatalog; path = "Preview Assets.xcassets"; sourceTree = "<group>"; };
		DB1ECD8A29FB13DC007E470B /* MainTabView.swift */ = {isa = PBXFileReference; lastKnownFileType = sourcecode.swift; path = MainTabView.swift; sourceTree = "<group>"; };
		DB1ECD8C29FB140E007E470B /* HomeView.swift */ = {isa = PBXFileReference; lastKnownFileType = sourcecode.swift; path = HomeView.swift; sourceTree = "<group>"; };
		DB1ECD8E29FB141C007E470B /* ResourcesView.swift */ = {isa = PBXFileReference; lastKnownFileType = sourcecode.swift; path = ResourcesView.swift; sourceTree = "<group>"; };
		DB1ECD9029FB142A007E470B /* ProfileView.swift */ = {isa = PBXFileReference; lastKnownFileType = sourcecode.swift; path = ProfileView.swift; sourceTree = "<group>"; };
		DB1ECD9229FB1463007E470B /* Resource.swift */ = {isa = PBXFileReference; lastKnownFileType = sourcecode.swift; path = Resource.swift; sourceTree = "<group>"; };
		DB1ECD9429FB147D007E470B /* ResourceViewModel.swift */ = {isa = PBXFileReference; lastKnownFileType = sourcecode.swift; path = ResourceViewModel.swift; sourceTree = "<group>"; };
		DB1ECD9629FB15A8007E470B /* VolunteerSignUpView.swift */ = {isa = PBXFileReference; lastKnownFileType = sourcecode.swift; path = VolunteerSignUpView.swift; sourceTree = "<group>"; };
		DB1ECD9829FB1633007E470B /* Volunteer.swift */ = {isa = PBXFileReference; lastKnownFileType = sourcecode.swift; path = Volunteer.swift; sourceTree = "<group>"; };
		DB1ECD9A29FB164F007E470B /* VolunteerViewModel.swift */ = {isa = PBXFileReference; lastKnownFileType = sourcecode.swift; path = VolunteerViewModel.swift; sourceTree = "<group>"; };
		DB1ECD9C29FB17A5007E470B /* CommunityBoardsView.swift */ = {isa = PBXFileReference; lastKnownFileType = sourcecode.swift; path = CommunityBoardsView.swift; sourceTree = "<group>"; };
		DB1ECD9E29FB17DB007E470B /* Board.swift */ = {isa = PBXFileReference; lastKnownFileType = sourcecode.swift; path = Board.swift; sourceTree = "<group>"; };
		DB1ECDA029FB17FC007E470B /* BoardViewModel.swift */ = {isa = PBXFileReference; lastKnownFileType = sourcecode.swift; path = BoardViewModel.swift; sourceTree = "<group>"; };
		DB1ECDA229FB183B007E470B /* TaskMarketView.swift */ = {isa = PBXFileReference; lastKnownFileType = sourcecode.swift; path = TaskMarketView.swift; sourceTree = "<group>"; };
		DB1ECDA429FB1869007E470B /* Task.swift */ = {isa = PBXFileReference; lastKnownFileType = sourcecode.swift; path = Task.swift; sourceTree = "<group>"; };
		DB1ECDA629FB187B007E470B /* TaskViewModel.swift */ = {isa = PBXFileReference; lastKnownFileType = sourcecode.swift; path = TaskViewModel.swift; sourceTree = "<group>"; };
		DB1ECDA829FB18BE007E470B /* FlyerView.swift */ = {isa = PBXFileReference; lastKnownFileType = sourcecode.swift; path = FlyerView.swift; sourceTree = "<group>"; };
		DB1ECDAA29FB18E4007E470B /* Flyer.swift */ = {isa = PBXFileReference; lastKnownFileType = sourcecode.swift; path = Flyer.swift; sourceTree = "<group>"; };
		DB1ECDAC29FB1900007E470B /* Comic.swift */ = {isa = PBXFileReference; lastKnownFileType = sourcecode.swift; path = Comic.swift; sourceTree = "<group>"; };
		DB1ECDAE29FB192B007E470B /* FlyerViewModel.swift */ = {isa = PBXFileReference; lastKnownFileType = sourcecode.swift; path = FlyerViewModel.swift; sourceTree = "<group>"; };
		DB1ECDB029FB1999007E470B /* Practitioner.swift */ = {isa = PBXFileReference; lastKnownFileType = sourcecode.swift; path = Practitioner.swift; sourceTree = "<group>"; };
		DB1ECDB229FB19D7007E470B /* JobsView.swift */ = {isa = PBXFileReference; lastKnownFileType = sourcecode.swift; path = JobsView.swift; sourceTree = "<group>"; };
		DB1ECDB429FB1A14007E470B /* Job.swift */ = {isa = PBXFileReference; lastKnownFileType = sourcecode.swift; path = Job.swift; sourceTree = "<group>"; };
		DB1ECDB629FB1A41007E470B /* UpskillingOpportunity.swift */ = {isa = PBXFileReference; lastKnownFileType = sourcecode.swift; path = UpskillingOpportunity.swift; sourceTree = "<group>"; };
		DB1ECDB829FB1A66007E470B /* JobViewModel.swift */ = {isa = PBXFileReference; lastKnownFileType = sourcecode.swift; path = JobViewModel.swift; sourceTree = "<group>"; };
		DB1ECDBA29FB1AC6007E470B /* LeaderboardView.swift */ = {isa = PBXFileReference; lastKnownFileType = sourcecode.swift; path = LeaderboardView.swift; sourceTree = "<group>"; };
		DB1ECDBC29FB1ADB007E470B /* User.swift */ = {isa = PBXFileReference; lastKnownFileType = sourcecode.swift; path = User.swift; sourceTree = "<group>"; };
		DB1ECDBE29FB1AED007E470B /* UserViewModel.swift */ = {isa = PBXFileReference; lastKnownFileType = sourcecode.swift; path = UserViewModel.swift; sourceTree = "<group>"; };
		DB1ECDC029FB1B9A007E470B /* LocalMapView.swift */ = {isa = PBXFileReference; lastKnownFileType = sourcecode.swift; path = LocalMapView.swift; sourceTree = "<group>"; };
		DB1ECDC229FB1BB0007E470B /* Event.swift */ = {isa = PBXFileReference; lastKnownFileType = sourcecode.swift; path = Event.swift; sourceTree = "<group>"; };
		DB1ECDC429FB1BC5007E470B /* Business.swift */ = {isa = PBXFileReference; lastKnownFileType = sourcecode.swift; path = Business.swift; sourceTree = "<group>"; };
		DB1ECDC629FB1BD6007E470B /* Restaurant.swift */ = {isa = PBXFileReference; lastKnownFileType = sourcecode.swift; path = Restaurant.swift; sourceTree = "<group>"; };
		DB1ECDC829FB1C10007E470B /* LocalMapViewModel.swift */ = {isa = PBXFileReference; lastKnownFileType = sourcecode.swift; path = LocalMapViewModel.swift; sourceTree = "<group>"; };
		DB1ECDCA29FB1D33007E470B /* CustomAnnotation.swift */ = {isa = PBXFileReference; lastKnownFileType = sourcecode.swift; path = CustomAnnotation.swift; sourceTree = "<group>"; };
/* End PBXFileReference section */

/* Begin PBXFrameworksBuildPhase section */
		DB1ECD7329FB1362007E470B /* Frameworks */ = {
			isa = PBXFrameworksBuildPhase;
			buildActionMask = 2147483647;
			files = (
			);
			runOnlyForDeploymentPostprocessing = 0;
		};
/* End PBXFrameworksBuildPhase section */

/* Begin PBXGroup section */
		DB1ECD6D29FB1362007E470B = {
			isa = PBXGroup;
			children = (
				DB1ECD7829FB1362007E470B /* OperationMeteor */,
				DB1ECD7729FB1362007E470B /* Products */,
			);
			sourceTree = "<group>";
		};
		DB1ECD7729FB1362007E470B /* Products */ = {
			isa = PBXGroup;
			children = (
				DB1ECD7629FB1362007E470B /* OperationMeteor.app */,
			);
			name = Products;
			sourceTree = "<group>";
		};
		DB1ECD7829FB1362007E470B /* OperationMeteor */ = {
			isa = PBXGroup;
			children = (
				DB1ECD7929FB1362007E470B /* OperationMeteorApp.swift */,
				DB1ECD8929FB13B1007E470B /* ViewModels */,
				DB1ECD8829FB13A4007E470B /* Models */,
				DB1ECD8729FB139A007E470B /* Views */,
				DB1ECD7D29FB1364007E470B /* Assets.xcassets */,
				DB1ECD7F29FB1364007E470B /* Preview Content */,
			);
			path = OperationMeteor;
			sourceTree = "<group>";
		};
		DB1ECD7F29FB1364007E470B /* Preview Content */ = {
			isa = PBXGroup;
			children = (
				DB1ECD8029FB1364007E470B /* Preview Assets.xcassets */,
			);
			path = "Preview Content";
			sourceTree = "<group>";
		};
		DB1ECD8729FB139A007E470B /* Views */ = {
			isa = PBXGroup;
			children = (
				DB1ECD8A29FB13DC007E470B /* MainTabView.swift */,
				DB1ECD9629FB15A8007E470B /* VolunteerSignUpView.swift */,
				DB1ECDB229FB19D7007E470B /* JobsView.swift */,
				DB1ECD8E29FB141C007E470B /* ResourcesView.swift */,
				DB1ECDA829FB18BE007E470B /* FlyerView.swift */,
				DB1ECDC029FB1B9A007E470B /* LocalMapView.swift */,
				DB1ECDBA29FB1AC6007E470B /* LeaderboardView.swift */,
				DB1ECDA229FB183B007E470B /* TaskMarketView.swift */,
				DB1ECD7B29FB1362007E470B /* ContentView.swift */,
				DB1ECD9C29FB17A5007E470B /* CommunityBoardsView.swift */,
				DB1ECD9029FB142A007E470B /* ProfileView.swift */,
				DB1ECD8C29FB140E007E470B /* HomeView.swift */,
			);
			path = Views;
			sourceTree = "<group>";
		};
		DB1ECD8829FB13A4007E470B /* Models */ = {
			isa = PBXGroup;
			children = (
				DB1ECD9229FB1463007E470B /* Resource.swift */,
				DB1ECD9829FB1633007E470B /* Volunteer.swift */,
				DB1ECDB429FB1A14007E470B /* Job.swift */,
				DB1ECDCA29FB1D33007E470B /* CustomAnnotation.swift */,
				DB1ECDC229FB1BB0007E470B /* Event.swift */,
				DB1ECDC429FB1BC5007E470B /* Business.swift */,
				DB1ECDBC29FB1ADB007E470B /* User.swift */,
				DB1ECDC629FB1BD6007E470B /* Restaurant.swift */,
				DB1ECDAC29FB1900007E470B /* Comic.swift */,
				DB1ECDB629FB1A41007E470B /* UpskillingOpportunity.swift */,
				DB1ECDB029FB1999007E470B /* Practitioner.swift */,
				DB1ECDAA29FB18E4007E470B /* Flyer.swift */,
				DB1ECDA429FB1869007E470B /* Task.swift */,
				DB1ECD9E29FB17DB007E470B /* Board.swift */,
			);
			path = Models;
			sourceTree = "<group>";
		};
		DB1ECD8929FB13B1007E470B /* ViewModels */ = {
			isa = PBXGroup;
			children = (
				DB1ECD9429FB147D007E470B /* ResourceViewModel.swift */,
				DB1ECDA029FB17FC007E470B /* BoardViewModel.swift */,
				DB1ECDA629FB187B007E470B /* TaskViewModel.swift */,
				DB1ECDB829FB1A66007E470B /* JobViewModel.swift */,
				DB1ECDC829FB1C10007E470B /* LocalMapViewModel.swift */,
				DB1ECDBE29FB1AED007E470B /* UserViewModel.swift */,
				DB1ECDAE29FB192B007E470B /* FlyerViewModel.swift */,
				DB1ECD9A29FB164F007E470B /* VolunteerViewModel.swift */,
			);
			path = ViewModels;
			sourceTree = "<group>";
		};
/* End PBXGroup section */

/* Begin PBXNativeTarget section */
		DB1ECD7529FB1362007E470B /* OperationMeteor */ = {
			isa = PBXNativeTarget;
			buildConfigurationList = DB1ECD8429FB1364007E470B /* Build configuration list for PBXNativeTarget "OperationMeteor" */;
			buildPhases = (
				DB1ECD7229FB1362007E470B /* Sources */,
				DB1ECD7329FB1362007E470B /* Frameworks */,
				DB1ECD7429FB1362007E470B /* Resources */,
			);
			buildRules = (
			);
			dependencies = (
			);
			name = OperationMeteor;
			productName = OperationMeteor;
			productReference = DB1ECD7629FB1362007E470B /* OperationMeteor.app */;
			productType = "com.apple.product-type.application";
		};
/* End PBXNativeTarget section */

/* Begin PBXProject section */
		DB1ECD6E29FB1362007E470B /* Project object */ = {
			isa = PBXProject;
			attributes = {
				BuildIndependentTargetsInParallel = 1;
				LastSwiftUpdateCheck = 1420;
				LastUpgradeCheck = 1420;
				TargetAttributes = {
					DB1ECD7529FB1362007E470B = {
						CreatedOnToolsVersion = 14.2;
					};
				};
			};
			buildConfigurationList = DB1ECD7129FB1362007E470B /* Build configuration list for PBXProject "OperationMeteor" */;
			compatibilityVersion = "Xcode 14.0";
			developmentRegion = en;
			hasScannedForEncodings = 0;
			knownRegions = (
				en,
				Base,
			);
			mainGroup = DB1ECD6D29FB1362007E470B;
			productRefGroup = DB1ECD7729FB1362007E470B /* Products */;
			projectDirPath = "";
			projectRoot = "";
			targets = (
				DB1ECD7529FB1362007E470B /* OperationMeteor */,
			);
		};
/* End PBXProject section */

/* Begin PBXResourcesBuildPhase section */
		DB1ECD7429FB1362007E470B /* Resources */ = {
			isa = PBXResourcesBuildPhase;
			buildActionMask = 2147483647;
			files = (
				DB1ECD8129FB1364007E470B /* Preview Assets.xcassets in Resources */,
				DB1ECD7E29FB1364007E470B /* Assets.xcassets in Resources */,
			);
			runOnlyForDeploymentPostprocessing = 0;
		};
/* End PBXResourcesBuildPhase section */

/* Begin PBXSourcesBuildPhase section */
		DB1ECD7229FB1362007E470B /* Sources */ = {
			isa = PBXSourcesBuildPhase;
			buildActionMask = 2147483647;
			files = (
				DB1ECD7C29FB1362007E470B /* ContentView.swift in Sources */,
				DB1ECDBF29FB1AED007E470B /* UserViewModel.swift in Sources */,
				DB1ECDB529FB1A14007E470B /* Job.swift in Sources */,
				DB1ECDB129FB1999007E470B /* Practitioner.swift in Sources */,
				DB1ECDB329FB19D7007E470B /* JobsView.swift in Sources */,
				DB1ECDA929FB18BE007E470B /* FlyerView.swift in Sources */,
				DB1ECDB729FB1A41007E470B /* UpskillingOpportunity.swift in Sources */,
				DB1ECD9B29FB164F007E470B /* VolunteerViewModel.swift in Sources */,
				DB1ECDBB29FB1AC6007E470B /* LeaderboardView.swift in Sources */,
				DB1ECD8D29FB140E007E470B /* HomeView.swift in Sources */,
				DB1ECDB929FB1A66007E470B /* JobViewModel.swift in Sources */,
				DB1ECDC729FB1BD6007E470B /* Restaurant.swift in Sources */,
				DB1ECD9D29FB17A5007E470B /* CommunityBoardsView.swift in Sources */,
				DB1ECD9729FB15A8007E470B /* VolunteerSignUpView.swift in Sources */,
				DB1ECDC329FB1BB0007E470B /* Event.swift in Sources */,
				DB1ECDC929FB1C10007E470B /* LocalMapViewModel.swift in Sources */,
				DB1ECDA329FB183B007E470B /* TaskMarketView.swift in Sources */,
				DB1ECD7A29FB1362007E470B /* OperationMeteorApp.swift in Sources */,
				DB1ECD9F29FB17DB007E470B /* Board.swift in Sources */,
				DB1ECDA529FB1869007E470B /* Task.swift in Sources */,
				DB1ECD9929FB1633007E470B /* Volunteer.swift in Sources */,
				DB1ECD8B29FB13DC007E470B /* MainTabView.swift in Sources */,
				DB1ECD9129FB142A007E470B /* ProfileView.swift in Sources */,
				DB1ECDC529FB1BC5007E470B /* Business.swift in Sources */,
				DB1ECDAB29FB18E4007E470B /* Flyer.swift in Sources */,
				DB1ECDBD29FB1ADB007E470B /* User.swift in Sources */,
				DB1ECD8F29FB141C007E470B /* ResourcesView.swift in Sources */,
				DB1ECDCB29FB1D33007E470B /* CustomAnnotation.swift in Sources */,
				DB1ECD9529FB147D007E470B /* ResourceViewModel.swift in Sources */,
				DB1ECD9329FB1463007E470B /* Resource.swift in Sources */,
				DB1ECDAD29FB1900007E470B /* Comic.swift in Sources */,
				DB1ECDA129FB17FC007E470B /* BoardViewModel.swift in Sources */,
				DB1ECDAF29FB192B007E470B /* FlyerViewModel.swift in Sources */,
				DB1ECDA729FB187B007E470B /* TaskViewModel.swift in Sources */,
				DB1ECDC129FB1B9A007E470B /* LocalMapView.swift in Sources */,
			);
			runOnlyForDeploymentPostprocessing = 0;
		};
/* End PBXSourcesBuildPhase section */

/* Begin XCBuildConfiguration section */
		DB1ECD8229FB1364007E470B /* Debug */ = {
			isa = XCBuildConfiguration;
			buildSettings = {
				ALWAYS_SEARCH_USER_PATHS = NO;
				CLANG_ANALYZER_NONNULL = YES;
				CLANG_ANALYZER_NUMBER_OBJECT_CONVERSION = YES_AGGRESSIVE;
				CLANG_CXX_LANGUAGE_STANDARD = "gnu++20";
				CLANG_ENABLE_MODULES = YES;
				CLANG_ENABLE_OBJC_ARC = YES;
				CLANG_ENABLE_OBJC_WEAK = YES;
				CLANG_WARN_BLOCK_CAPTURE_AUTORELEASING = YES;
				CLANG_WARN_BOOL_CONVERSION = YES;
				CLANG_WARN_COMMA = YES;
				CLANG_WARN_CONSTANT_CONVERSION = YES;
				CLANG_WARN_DEPRECATED_OBJC_IMPLEMENTATIONS = YES;
				CLANG_WARN_DIRECT_OBJC_ISA_USAGE = YES_ERROR;
				CLANG_WARN_DOCUMENTATION_COMMENTS = YES;
				CLANG_WARN_EMPTY_BODY = YES;
				CLANG_WARN_ENUM_CONVERSION = YES;
				CLANG_WARN_INFINITE_RECURSION = YES;
				CLANG_WARN_INT_CONVERSION = YES;
				CLANG_WARN_NON_LITERAL_NULL_CONVERSION = YES;
				CLANG_WARN_OBJC_IMPLICIT_RETAIN_SELF = YES;
				CLANG_WARN_OBJC_LITERAL_CONVERSION = YES;
				CLANG_WARN_OBJC_ROOT_CLASS = YES_ERROR;
				CLANG_WARN_QUOTED_INCLUDE_IN_FRAMEWORK_HEADER = YES;
				CLANG_WARN_RANGE_LOOP_ANALYSIS = YES;
				CLANG_WARN_STRICT_PROTOTYPES = YES;
				CLANG_WARN_SUSPICIOUS_MOVE = YES;
				CLANG_WARN_UNGUARDED_AVAILABILITY = YES_AGGRESSIVE;
				CLANG_WARN_UNREACHABLE_CODE = YES;
				CLANG_WARN__DUPLICATE_METHOD_MATCH = YES;
				COPY_PHASE_STRIP = NO;
				DEBUG_INFORMATION_FORMAT = dwarf;
				ENABLE_STRICT_OBJC_MSGSEND = YES;
				ENABLE_TESTABILITY = YES;
				GCC_C_LANGUAGE_STANDARD = gnu11;
				GCC_DYNAMIC_NO_PIC = NO;
				GCC_NO_COMMON_BLOCKS = YES;
				GCC_OPTIMIZATION_LEVEL = 0;
				GCC_PREPROCESSOR_DEFINITIONS = (
					"DEBUG=1",
					"$(inherited)",
				);
				GCC_WARN_64_TO_32_BIT_CONVERSION = YES;
				GCC_WARN_ABOUT_RETURN_TYPE = YES_ERROR;
				GCC_WARN_UNDECLARED_SELECTOR = YES;
				GCC_WARN_UNINITIALIZED_AUTOS = YES_AGGRESSIVE;
				GCC_WARN_UNUSED_FUNCTION = YES;
				GCC_WARN_UNUSED_VARIABLE = YES;
				IPHONEOS_DEPLOYMENT_TARGET = 16.2;
				MTL_ENABLE_DEBUG_INFO = INCLUDE_SOURCE;
				MTL_FAST_MATH = YES;
				ONLY_ACTIVE_ARCH = YES;
				SDKROOT = iphoneos;
				SWIFT_ACTIVE_COMPILATION_CONDITIONS = DEBUG;
				SWIFT_OPTIMIZATION_LEVEL = "-Onone";
			};
			name = Debug;
		};
		DB1ECD8329FB1364007E470B /* Release */ = {
			isa = XCBuildConfiguration;
			buildSettings = {
				ALWAYS_SEARCH_USER_PATHS = NO;
				CLANG_ANALYZER_NONNULL = YES;
				CLANG_ANALYZER_NUMBER_OBJECT_CONVERSION = YES_AGGRESSIVE;
				CLANG_CXX_LANGUAGE_STANDARD = "gnu++20";
				CLANG_ENABLE_MODULES = YES;
				CLANG_ENABLE_OBJC_ARC = YES;
				CLANG_ENABLE_OBJC_WEAK = YES;
				CLANG_WARN_BLOCK_CAPTURE_AUTORELEASING = YES;
				CLANG_WARN_BOOL_CONVERSION = YES;
				CLANG_WARN_COMMA = YES;
				CLANG_WARN_CONSTANT_CONVERSION = YES;
				CLANG_WARN_DEPRECATED_OBJC_IMPLEMENTATIONS = YES;
				CLANG_WARN_DIRECT_OBJC_ISA_USAGE = YES_ERROR;
				CLANG_WARN_DOCUMENTATION_COMMENTS = YES;
				CLANG_WARN_EMPTY_BODY = YES;
				CLANG_WARN_ENUM_CONVERSION = YES;
				CLANG_WARN_INFINITE_RECURSION = YES;
				CLANG_WARN_INT_CONVERSION = YES;
				CLANG_WARN_NON_LITERAL_NULL_CONVERSION = YES;
				CLANG_WARN_OBJC_IMPLICIT_RETAIN_SELF = YES;
				CLANG_WARN_OBJC_LITERAL_CONVERSION = YES;
				CLANG_WARN_OBJC_ROOT_CLASS = YES_ERROR;
				CLANG_WARN_QUOTED_INCLUDE_IN_FRAMEWORK_HEADER = YES;
				CLANG_WARN_RANGE_LOOP_ANALYSIS = YES;
				CLANG_WARN_STRICT_PROTOTYPES = YES;
				CLANG_WARN_SUSPICIOUS_MOVE = YES;
				CLANG_WARN_UNGUARDED_AVAILABILITY = YES_AGGRESSIVE;
				CLANG_WARN_UNREACHABLE_CODE = YES;
				CLANG_WARN__DUPLICATE_METHOD_MATCH = YES;
				COPY_PHASE_STRIP = NO;
				DEBUG_INFORMATION_FORMAT = "dwarf-with-dsym";
				ENABLE_NS_ASSERTIONS = NO;
				ENABLE_STRICT_OBJC_MSGSEND = YES;
				GCC_C_LANGUAGE_STANDARD = gnu11;
				GCC_NO_COMMON_BLOCKS = YES;
				GCC_WARN_64_TO_32_BIT_CONVERSION = YES;
				GCC_WARN_ABOUT_RETURN_TYPE = YES_ERROR;
				GCC_WARN_UNDECLARED_SELECTOR = YES;
				GCC_WARN_UNINITIALIZED_AUTOS = YES_AGGRESSIVE;
				GCC_WARN_UNUSED_FUNCTION = YES;
				GCC_WARN_UNUSED_VARIABLE = YES;
				IPHONEOS_DEPLOYMENT_TARGET = 16.2;
				MTL_ENABLE_DEBUG_INFO = NO;
				MTL_FAST_MATH = YES;
				SDKROOT = iphoneos;
				SWIFT_COMPILATION_MODE = wholemodule;
				SWIFT_OPTIMIZATION_LEVEL = "-O";
				VALIDATE_PRODUCT = YES;
			};
			name = Release;
		};
		DB1ECD8529FB1364007E470B /* Debug */ = {
			isa = XCBuildConfiguration;
			buildSettings = {
				ASSETCATALOG_COMPILER_APPICON_NAME = AppIcon;
				ASSETCATALOG_COMPILER_GLOBAL_ACCENT_COLOR_NAME = AccentColor;
				CODE_SIGN_STYLE = Automatic;
				CURRENT_PROJECT_VERSION = 1;
				DEVELOPMENT_ASSET_PATHS = "\"OperationMeteor/Preview Content\"";
				DEVELOPMENT_TEAM = A8XBB6L7BC;
				ENABLE_PREVIEWS = YES;
				GENERATE_INFOPLIST_FILE = YES;
				INFOPLIST_KEY_UIApplicationSceneManifest_Generation = YES;
				INFOPLIST_KEY_UIApplicationSupportsIndirectInputEvents = YES;
				INFOPLIST_KEY_UILaunchScreen_Generation = YES;
				INFOPLIST_KEY_UISupportedInterfaceOrientations_iPad = "UIInterfaceOrientationPortrait UIInterfaceOrientationPortraitUpsideDown UIInterfaceOrientationLandscapeLeft UIInterfaceOrientationLandscapeRight";
				INFOPLIST_KEY_UISupportedInterfaceOrientations_iPhone = "UIInterfaceOrientationPortrait UIInterfaceOrientationLandscapeLeft UIInterfaceOrientationLandscapeRight";
				LD_RUNPATH_SEARCH_PATHS = (
					"$(inherited)",
					"@executable_path/Frameworks",
				);
				MARKETING_VERSION = 1.0;
				PRODUCT_BUNDLE_IDENTIFIER = com.richardcrichlow.OperationMeteor;
				PRODUCT_NAME = "$(TARGET_NAME)";
				SWIFT_EMIT_LOC_STRINGS = YES;
				SWIFT_VERSION = 5.0;
				TARGETED_DEVICE_FAMILY = "1,2";
			};
			name = Debug;
		};
		DB1ECD8629FB1364007E470B /* Release */ = {
			isa = XCBuildConfiguration;
			buildSettings = {
				ASSETCATALOG_COMPILER_APPICON_NAME = AppIcon;
				ASSETCATALOG_COMPILER_GLOBAL_ACCENT_COLOR_NAME = AccentColor;
				CODE_SIGN_STYLE = Automatic;
				CURRENT_PROJECT_VERSION = 1;
				DEVELOPMENT_ASSET_PATHS = "\"OperationMeteor/Preview Content\"";
				DEVELOPMENT_TEAM = A8XBB6L7BC;
				ENABLE_PREVIEWS = YES;
				GENERATE_INFOPLIST_FILE = YES;
				INFOPLIST_KEY_UIApplicationSceneManifest_Generation = YES;
				INFOPLIST_KEY_UIApplicationSupportsIndirectInputEvents = YES;
				INFOPLIST_KEY_UILaunchScreen_Generation = YES;
				INFOPLIST_KEY_UISupportedInterfaceOrientations_iPad = "UIInterfaceOrientationPortrait UIInterfaceOrientationPortraitUpsideDown UIInterfaceOrientationLandscapeLeft UIInterfaceOrientationLandscapeRight";
				INFOPLIST_KEY_UISupportedInterfaceOrientations_iPhone = "UIInterfaceOrientationPortrait UIInterfaceOrientationLandscapeLeft UIInterfaceOrientationLandscapeRight";
				LD_RUNPATH_SEARCH_PATHS = (
					"$(inherited)",
					"@executable_path/Frameworks",
				);
				MARKETING_VERSION = 1.0;
				PRODUCT_BUNDLE_IDENTIFIER = com.richardcrichlow.OperationMeteor;
				PRODUCT_NAME = "$(TARGET_NAME)";
				SWIFT_EMIT_LOC_STRINGS = YES;
				SWIFT_VERSION = 5.0;
				TARGETED_DEVICE_FAMILY = "1,2";
			};
			name = Release;
		};
/* End XCBuildConfiguration section */

/* Begin XCConfigurationList section */
		DB1ECD7129FB1362007E470B /* Build configuration list for PBXProject "OperationMeteor" */ = {
			isa = XCConfigurationList;
			buildConfigurations = (
				DB1ECD8229FB1364007E470B /* Debug */,
				DB1ECD8329FB1364007E470B /* Release */,
			);
			defaultConfigurationIsVisible = 0;
			defaultConfigurationName = Release;
		};
		DB1ECD8429FB1364007E470B /* Build configuration list for PBXNativeTarget "OperationMeteor" */ = {
			isa = XCConfigurationList;
			buildConfigurations = (
				DB1ECD8529FB1364007E470B /* Debug */,
				DB1ECD8629FB1364007E470B /* Release */,
			);
			defaultConfigurationIsVisible = 0;
			defaultConfigurationName = Release;
		};
/* End XCConfigurationList section */
	};
	rootObject = DB1ECD6E29FB1362007E470B /* Project object */;
}
